// !$*UTF8*$!
{
	archiveVersion = 1;
	classes = {
	};
	objectVersion = 46;
	objects = {

/* Begin PBXBuildFile section */
		6F237BC81F2EC0E300BEE537 /* CCollage.swift in Sources */ = {isa = PBXBuildFile; fileRef = 6F237BC71F2EC0E300BEE537 /* CCollage.swift */; };
		6F237BCC1F2FE31000BEE537 /* MasonryTest.swift in Sources */ = {isa = PBXBuildFile; fileRef = 6F237BCB1F2FE31000BEE537 /* MasonryTest.swift */; };
		6F237BCE1F2FEFD600BEE537 /* Masonry.swift in Sources */ = {isa = PBXBuildFile; fileRef = 6F237BCD1F2FEFD600BEE537 /* Masonry.swift */; };
		6F237BD01F32512400BEE537 /* comments.swift in Sources */ = {isa = PBXBuildFile; fileRef = 6F237BCF1F32512400BEE537 /* comments.swift */; };
		6F237BD21F325C2A00BEE537 /* Assistance.swift in Sources */ = {isa = PBXBuildFile; fileRef = 6F237BD11F325C2A00BEE537 /* Assistance.swift */; };
		6F687E811F5F68C000ADB37D /* file.pdf in Resources */ = {isa = PBXBuildFile; fileRef = 6F687E801F5F68C000ADB37D /* file.pdf */; };
		6F687E831F60B8E300ADB37D /* folder-white.pdf in Resources */ = {isa = PBXBuildFile; fileRef = 6F687E821F60B8E300ADB37D /* folder-white.pdf */; };
		6F8F72281F23F46700101F79 /* CTab.swift in Sources */ = {isa = PBXBuildFile; fileRef = 6F8F72271F23F46700101F79 /* CTab.swift */; };
		6F9C06CF1F1747B400CE5807 /* Layout.swift in Sources */ = {isa = PBXBuildFile; fileRef = 6F9C06CE1F1747B400CE5807 /* Layout.swift */; };
		6FAEB22D1F0D8ED40088F86D /* CViewer.swift in Sources */ = {isa = PBXBuildFile; fileRef = 6FAEB22C1F0D8ED40088F86D /* CViewer.swift */; };
		6FAEB2311F0D92BD0088F86D /* HierarchyBar.swift in Sources */ = {isa = PBXBuildFile; fileRef = 6FAEB2301F0D92BD0088F86D /* HierarchyBar.swift */; };
		6FAEB2331F0D932C0088F86D /* Settings.swift in Sources */ = {isa = PBXBuildFile; fileRef = 6FAEB2321F0D932C0088F86D /* Settings.swift */; };
		6FAEB2351F0DAF350088F86D /* Directory.swift in Sources */ = {isa = PBXBuildFile; fileRef = 6FAEB2341F0DAF350088F86D /* Directory.swift */; };
		6FAEB2401F1036590088F86D /* document-dark.pdf in Resources */ = {isa = PBXBuildFile; fileRef = 6FAEB23D1F1036590088F86D /* document-dark.pdf */; };
		6FAEB2411F1036590088F86D /* document-light.pdf in Resources */ = {isa = PBXBuildFile; fileRef = 6FAEB23E1F1036590088F86D /* document-light.pdf */; };
		6FAEB2441F1036E60088F86D /* folder-light.pdf in Resources */ = {isa = PBXBuildFile; fileRef = 6FAEB2431F1036E60088F86D /* folder-light.pdf */; };
		6FAEB2461F1406C70088F86D /* CFolder.swift in Sources */ = {isa = PBXBuildFile; fileRef = 6FAEB2451F1406C70088F86D /* CFolder.swift */; };
		6FAEB2491F14081A0088F86D /* CPath.swift in Sources */ = {isa = PBXBuildFile; fileRef = 6FAEB2481F14081A0088F86D /* CPath.swift */; };
		6FAEB24B1F140A160088F86D /* CFiles.swift in Sources */ = {isa = PBXBuildFile; fileRef = 6FAEB24A1F140A160088F86D /* CFiles.swift */; };
		6FAEB24D1F143E1D0088F86D /* CFile.swift in Sources */ = {isa = PBXBuildFile; fileRef = 6FAEB24C1F143E1D0088F86D /* CFile.swift */; };
		6FB2F6051F0C77B500230641 /* Palette.swift in Sources */ = {isa = PBXBuildFile; fileRef = 6FB2F6041F0C77B500230641 /* Palette.swift */; };
		6FEE533F1F21173A00DC8811 /* folder-dark.pdf in Resources */ = {isa = PBXBuildFile; fileRef = 6FEE533E1F21173A00DC8811 /* folder-dark.pdf */; };
		6FFD2DBE1F0C670A00075F1A /* AppDelegate.swift in Sources */ = {isa = PBXBuildFile; fileRef = 6FFD2DBD1F0C670A00075F1A /* AppDelegate.swift */; };
		6FFD2DC01F0C670A00075F1A /* ViewController.swift in Sources */ = {isa = PBXBuildFile; fileRef = 6FFD2DBF1F0C670A00075F1A /* ViewController.swift */; };
		6FFD2DC21F0C670A00075F1A /* Assets.xcassets in Resources */ = {isa = PBXBuildFile; fileRef = 6FFD2DC11F0C670A00075F1A /* Assets.xcassets */; };
		6FFD2DC51F0C670A00075F1A /* Main.storyboard in Resources */ = {isa = PBXBuildFile; fileRef = 6FFD2DC31F0C670A00075F1A /* Main.storyboard */; };
		790B61A9C2F77C1605AA2FD6 /* Pods_cabinet.framework in Frameworks */ = {isa = PBXBuildFile; fileRef = 9FFFEEB762BE5CCA11316DAD /* Pods_cabinet.framework */; };
		7E6E9A973E0931556113775C /* Pods_cabinet.framework in Frameworks */ = {isa = PBXBuildFile; fileRef = 7A3FEB621AFA41EF44B467B5 /* Pods_cabinet.framework */; };
/* End PBXBuildFile section */

/* Begin PBXFileReference section */
		0C4E018EFDA40E9E51B7A9B8 /* Pods-cabinet.debug.xcconfig */ = {isa = PBXFileReference; includeInIndex = 1; lastKnownFileType = text.xcconfig; name = "Pods-cabinet.debug.xcconfig"; path = "Pods/Target Support Files/Pods-cabinet/Pods-cabinet.debug.xcconfig"; sourceTree = "<group>"; };
		6F237BC71F2EC0E300BEE537 /* CCollage.swift */ = {isa = PBXFileReference; fileEncoding = 4; lastKnownFileType = sourcecode.swift; path = CCollage.swift; sourceTree = "<group>"; };
		6F237BCB1F2FE31000BEE537 /* MasonryTest.swift */ = {isa = PBXFileReference; fileEncoding = 4; lastKnownFileType = sourcecode.swift; path = MasonryTest.swift; sourceTree = "<group>"; };
		6F237BCD1F2FEFD600BEE537 /* Masonry.swift */ = {isa = PBXFileReference; fileEncoding = 4; lastKnownFileType = sourcecode.swift; path = Masonry.swift; sourceTree = "<group>"; };
		6F237BCF1F32512400BEE537 /* comments.swift */ = {isa = PBXFileReference; fileEncoding = 4; lastKnownFileType = sourcecode.swift; path = comments.swift; sourceTree = "<group>"; };
		6F237BD11F325C2A00BEE537 /* Assistance.swift */ = {isa = PBXFileReference; fileEncoding = 4; lastKnownFileType = sourcecode.swift; path = Assistance.swift; sourceTree = "<group>"; };
		6F687E801F5F68C000ADB37D /* file.pdf */ = {isa = PBXFileReference; lastKnownFileType = image.pdf; path = file.pdf; sourceTree = "<group>"; };
		6F687E821F60B8E300ADB37D /* folder-white.pdf */ = {isa = PBXFileReference; lastKnownFileType = image.pdf; path = "folder-white.pdf"; sourceTree = "<group>"; };
		6F8F72271F23F46700101F79 /* CTab.swift */ = {isa = PBXFileReference; fileEncoding = 4; lastKnownFileType = sourcecode.swift; path = CTab.swift; sourceTree = "<group>"; };
		6F9C06CE1F1747B400CE5807 /* Layout.swift */ = {isa = PBXFileReference; fileEncoding = 4; lastKnownFileType = sourcecode.swift; path = Layout.swift; sourceTree = "<group>"; };
		6FAEB22C1F0D8ED40088F86D /* CViewer.swift */ = {isa = PBXFileReference; fileEncoding = 4; lastKnownFileType = sourcecode.swift; path = CViewer.swift; sourceTree = "<group>"; };
		6FAEB2301F0D92BD0088F86D /* HierarchyBar.swift */ = {isa = PBXFileReference; fileEncoding = 4; lastKnownFileType = sourcecode.swift; path = HierarchyBar.swift; sourceTree = "<group>"; };
		6FAEB2321F0D932C0088F86D /* Settings.swift */ = {isa = PBXFileReference; fileEncoding = 4; lastKnownFileType = sourcecode.swift; path = Settings.swift; sourceTree = "<group>"; };
		6FAEB2341F0DAF350088F86D /* Directory.swift */ = {isa = PBXFileReference; fileEncoding = 4; lastKnownFileType = sourcecode.swift; path = Directory.swift; sourceTree = "<group>"; };
		6FAEB23D1F1036590088F86D /* document-dark.pdf */ = {isa = PBXFileReference; lastKnownFileType = image.pdf; path = "document-dark.pdf"; sourceTree = "<group>"; };
		6FAEB23E1F1036590088F86D /* document-light.pdf */ = {isa = PBXFileReference; lastKnownFileType = image.pdf; path = "document-light.pdf"; sourceTree = "<group>"; };
		6FAEB2431F1036E60088F86D /* folder-light.pdf */ = {isa = PBXFileReference; lastKnownFileType = image.pdf; path = "folder-light.pdf"; sourceTree = "<group>"; };
		6FAEB2451F1406C70088F86D /* CFolder.swift */ = {isa = PBXFileReference; fileEncoding = 4; lastKnownFileType = sourcecode.swift; path = CFolder.swift; sourceTree = "<group>"; };
		6FAEB2481F14081A0088F86D /* CPath.swift */ = {isa = PBXFileReference; fileEncoding = 4; lastKnownFileType = sourcecode.swift; path = CPath.swift; sourceTree = "<group>"; };
		6FAEB24A1F140A160088F86D /* CFiles.swift */ = {isa = PBXFileReference; fileEncoding = 4; lastKnownFileType = sourcecode.swift; path = CFiles.swift; sourceTree = "<group>"; };
		6FAEB24C1F143E1D0088F86D /* CFile.swift */ = {isa = PBXFileReference; fileEncoding = 4; lastKnownFileType = sourcecode.swift; path = CFile.swift; sourceTree = "<group>"; };
		6FB2F6041F0C77B500230641 /* Palette.swift */ = {isa = PBXFileReference; fileEncoding = 4; lastKnownFileType = sourcecode.swift; path = Palette.swift; sourceTree = "<group>"; };
		6FE09B6442000DAC2050DDD7 /* Pods-cabinet.release.xcconfig */ = {isa = PBXFileReference; includeInIndex = 1; lastKnownFileType = text.xcconfig; name = "Pods-cabinet.release.xcconfig"; path = "Pods/Target Support Files/Pods-cabinet/Pods-cabinet.release.xcconfig"; sourceTree = "<group>"; };
		6FEE533E1F21173A00DC8811 /* folder-dark.pdf */ = {isa = PBXFileReference; lastKnownFileType = image.pdf; path = "folder-dark.pdf"; sourceTree = "<group>"; };
		6FFD2DBA1F0C670A00075F1A /* cabinet.app */ = {isa = PBXFileReference; explicitFileType = wrapper.application; includeInIndex = 0; path = cabinet.app; sourceTree = BUILT_PRODUCTS_DIR; };
		6FFD2DBD1F0C670A00075F1A /* AppDelegate.swift */ = {isa = PBXFileReference; lastKnownFileType = sourcecode.swift; path = AppDelegate.swift; sourceTree = "<group>"; };
		6FFD2DBF1F0C670A00075F1A /* ViewController.swift */ = {isa = PBXFileReference; lastKnownFileType = sourcecode.swift; path = ViewController.swift; sourceTree = "<group>"; };
		6FFD2DC11F0C670A00075F1A /* Assets.xcassets */ = {isa = PBXFileReference; lastKnownFileType = folder.assetcatalog; path = Assets.xcassets; sourceTree = "<group>"; };
		6FFD2DC41F0C670A00075F1A /* Base */ = {isa = PBXFileReference; lastKnownFileType = file.storyboard; name = Base; path = Base.lproj/Main.storyboard; sourceTree = "<group>"; };
		6FFD2DC61F0C670A00075F1A /* Info.plist */ = {isa = PBXFileReference; lastKnownFileType = text.plist.xml; path = Info.plist; sourceTree = "<group>"; };
		7A3FEB621AFA41EF44B467B5 /* Pods_cabinet.framework */ = {isa = PBXFileReference; explicitFileType = wrapper.framework; includeInIndex = 0; path = Pods_cabinet.framework; sourceTree = BUILT_PRODUCTS_DIR; };
		8B58BC27CBFCA61200DE4534 /* Pods-cabinet.release.xcconfig */ = {isa = PBXFileReference; includeInIndex = 1; lastKnownFileType = text.xcconfig; name = "Pods-cabinet.release.xcconfig"; path = "Pods/Target Support Files/Pods-cabinet/Pods-cabinet.release.xcconfig"; sourceTree = "<group>"; };
		9FFFEEB762BE5CCA11316DAD /* Pods_cabinet.framework */ = {isa = PBXFileReference; explicitFileType = wrapper.framework; includeInIndex = 0; path = Pods_cabinet.framework; sourceTree = BUILT_PRODUCTS_DIR; };
		D5C9D83D64823D13C4C5BC89 /* Pods-cabinet.debug.xcconfig */ = {isa = PBXFileReference; includeInIndex = 1; lastKnownFileType = text.xcconfig; name = "Pods-cabinet.debug.xcconfig"; path = "Pods/Target Support Files/Pods-cabinet/Pods-cabinet.debug.xcconfig"; sourceTree = "<group>"; };
/* End PBXFileReference section */

/* Begin PBXFrameworksBuildPhase section */
		6FFD2DB71F0C670A00075F1A /* Frameworks */ = {
			isa = PBXFrameworksBuildPhase;
			buildActionMask = 2147483647;
			files = (
				790B61A9C2F77C1605AA2FD6 /* Pods_cabinet.framework in Frameworks */,
				7E6E9A973E0931556113775C /* Pods_cabinet.framework in Frameworks */,
			);
			runOnlyForDeploymentPostprocessing = 0;
		};
/* End PBXFrameworksBuildPhase section */

/* Begin PBXGroup section */
		4613BF27ADFF05C56019B16B /* frameworks */ = {
			isa = PBXGroup;
			children = (
				9FFFEEB762BE5CCA11316DAD /* Pods_cabinet.framework */,
			);
			name = frameworks;
			sourceTree = "<group>";
		};
		6F18B2541F35471600D0AD3B /* Structure */ = {
			isa = PBXGroup;
			children = (
				6F9C06CE1F1747B400CE5807 /* Layout.swift */,
				6FB2F6041F0C77B500230641 /* Palette.swift */,
				6FAEB2321F0D932C0088F86D /* Settings.swift */,
				6F237BD11F325C2A00BEE537 /* Assistance.swift */,
				6FAEB2341F0DAF350088F86D /* Directory.swift */,
			);
			name = Structure;
			sourceTree = "<group>";
		};
		6F83A9421F0C6B3700C1F648 /* flesh */ = {
			isa = PBXGroup;
			children = (
				6F237BC71F2EC0E300BEE537 /* CCollage.swift */,
				6F237BCB1F2FE31000BEE537 /* MasonryTest.swift */,
				6F237BCD1F2FEFD600BEE537 /* Masonry.swift */,
				6FAEB2301F0D92BD0088F86D /* HierarchyBar.swift */,
				6FAEB2471F1407A90088F86D /* FileViewer */,
				6F18B2541F35471600D0AD3B /* Structure */,
			);
			name = flesh;
			sourceTree = "<group>";
		};
		6F83A9431F0C6B3D00C1F648 /* bone */ = {
			isa = PBXGroup;
			children = (
				6FFD2DBD1F0C670A00075F1A /* AppDelegate.swift */,
				6FFD2DBF1F0C670A00075F1A /* ViewController.swift */,
			);
			name = bone;
			sourceTree = "<group>";
		};
		6F83A9441F0C6B4500C1F648 /* other */ = {
			isa = PBXGroup;
			children = (
				6F237BCF1F32512400BEE537 /* comments.swift */,
				6FFD2DC11F0C670A00075F1A /* Assets.xcassets */,
				6FFD2DC31F0C670A00075F1A /* Main.storyboard */,
				6FFD2DC61F0C670A00075F1A /* Info.plist */,
			);
			name = other;
			sourceTree = "<group>";
		};
		6FAEB23A1F10188A0088F86D /* resources */ = {
			isa = PBXGroup;
			children = (
				6F687E821F60B8E300ADB37D /* folder-white.pdf */,
				6F687E801F5F68C000ADB37D /* file.pdf */,
				6FAEB23E1F1036590088F86D /* document-light.pdf */,
				6FAEB23D1F1036590088F86D /* document-dark.pdf */,
				6FAEB2431F1036E60088F86D /* folder-light.pdf */,
				6FEE533E1F21173A00DC8811 /* folder-dark.pdf */,
			);
			name = resources;
			sourceTree = "<group>";
		};
		6FAEB2471F1407A90088F86D /* FileViewer */ = {
			isa = PBXGroup;
			children = (
				6FAEB22C1F0D8ED40088F86D /* CViewer.swift */,
				6F8F72271F23F46700101F79 /* CTab.swift */,
				6FAEB2481F14081A0088F86D /* CPath.swift */,
				6FAEB24A1F140A160088F86D /* CFiles.swift */,
				6FAEB2451F1406C70088F86D /* CFolder.swift */,
				6FAEB24C1F143E1D0088F86D /* CFile.swift */,
			);
			name = FileViewer;
			sourceTree = "<group>";
		};
		6FFD2DB11F0C670A00075F1A = {
			isa = PBXGroup;
			children = (
				6FFD2DBC1F0C670A00075F1A /* cabinet */,
				6FFD2DBB1F0C670A00075F1A /* products */,
				8A9338D1E5DE12413B2B29F5 /* pods */,
				4613BF27ADFF05C56019B16B /* frameworks */,
				A80475046140832DD8AF91EC /* Pods */,
				BE38ABE863DDB77229713480 /* Frameworks */,
			);
			sourceTree = "<group>";
		};
		6FFD2DBB1F0C670A00075F1A /* products */ = {
			isa = PBXGroup;
			children = (
				6FFD2DBA1F0C670A00075F1A /* cabinet.app */,
			);
			name = products;
			sourceTree = "<group>";
		};
		6FFD2DBC1F0C670A00075F1A /* cabinet */ = {
			isa = PBXGroup;
			children = (
				6F83A9431F0C6B3D00C1F648 /* bone */,
				6F83A9421F0C6B3700C1F648 /* flesh */,
				6FAEB23A1F10188A0088F86D /* resources */,
				6F83A9441F0C6B4500C1F648 /* other */,
			);
			path = cabinet;
			sourceTree = "<group>";
		};
		8A9338D1E5DE12413B2B29F5 /* pods */ = {
			isa = PBXGroup;
			children = (
				D5C9D83D64823D13C4C5BC89 /* Pods-cabinet.debug.xcconfig */,
				6FE09B6442000DAC2050DDD7 /* Pods-cabinet.release.xcconfig */,
			);
			name = pods;
			sourceTree = "<group>";
		};
		A80475046140832DD8AF91EC /* Pods */ = {
			isa = PBXGroup;
			children = (
				0C4E018EFDA40E9E51B7A9B8 /* Pods-cabinet.debug.xcconfig */,
				8B58BC27CBFCA61200DE4534 /* Pods-cabinet.release.xcconfig */,
			);
			name = Pods;
			sourceTree = "<group>";
		};
		BE38ABE863DDB77229713480 /* Frameworks */ = {
			isa = PBXGroup;
			children = (
				7A3FEB621AFA41EF44B467B5 /* Pods_cabinet.framework */,
			);
			name = Frameworks;
			sourceTree = "<group>";
		};
/* End PBXGroup section */

/* Begin PBXNativeTarget section */
		6FFD2DB91F0C670A00075F1A /* cabinet */ = {
			isa = PBXNativeTarget;
			buildConfigurationList = 6FFD2DC91F0C670A00075F1A /* Build configuration list for PBXNativeTarget "cabinet" */;
			buildPhases = (
				7CC9A1257313BA7CE537B06D /* [CP] Check Pods Manifest.lock */,
				6FFD2DB61F0C670A00075F1A /* Sources */,
				6FFD2DB71F0C670A00075F1A /* Frameworks */,
				6FFD2DB81F0C670A00075F1A /* Resources */,
				A988016CBC5A730CA4C0A0D3 /* [CP] Embed Pods Frameworks */,
				F9207D15C54735157ECAB45B /* [CP] Copy Pods Resources */,
			);
			buildRules = (
			);
			dependencies = (
			);
			name = cabinet;
			productName = cabinet;
			productReference = 6FFD2DBA1F0C670A00075F1A /* cabinet.app */;
			productType = "com.apple.product-type.application";
		};
/* End PBXNativeTarget section */

/* Begin PBXProject section */
		6FFD2DB21F0C670A00075F1A /* Project object */ = {
			isa = PBXProject;
			attributes = {
				LastSwiftUpdateCheck = 0830;
				LastUpgradeCheck = 0830;
				ORGANIZATIONNAME = "Jackson Utsch";
				TargetAttributes = {
					6FFD2DB91F0C670A00075F1A = {
						CreatedOnToolsVersion = 8.3.3;
						ProvisioningStyle = Automatic;
					};
				};
			};
			buildConfigurationList = 6FFD2DB51F0C670A00075F1A /* Build configuration list for PBXProject "cabinet" */;
			compatibilityVersion = "Xcode 3.2";
			developmentRegion = English;
			hasScannedForEncodings = 0;
			knownRegions = (
				en,
				Base,
			);
			mainGroup = 6FFD2DB11F0C670A00075F1A;
			productRefGroup = 6FFD2DBB1F0C670A00075F1A /* products */;
			projectDirPath = "";
			projectRoot = "";
			targets = (
				6FFD2DB91F0C670A00075F1A /* cabinet */,
			);
		};
/* End PBXProject section */

/* Begin PBXResourcesBuildPhase section */
		6FFD2DB81F0C670A00075F1A /* Resources */ = {
			isa = PBXResourcesBuildPhase;
			buildActionMask = 2147483647;
			files = (
				6FEE533F1F21173A00DC8811 /* folder-dark.pdf in Resources */,
				6FAEB2441F1036E60088F86D /* folder-light.pdf in Resources */,
				6F687E831F60B8E300ADB37D /* folder-white.pdf in Resources */,
				6FAEB2411F1036590088F86D /* document-light.pdf in Resources */,
				6F687E811F5F68C000ADB37D /* file.pdf in Resources */,
				6FFD2DC21F0C670A00075F1A /* Assets.xcassets in Resources */,
				6FFD2DC51F0C670A00075F1A /* Main.storyboard in Resources */,
				6FAEB2401F1036590088F86D /* document-dark.pdf in Resources */,
			);
			runOnlyForDeploymentPostprocessing = 0;
		};
/* End PBXResourcesBuildPhase section */

/* Begin PBXShellScriptBuildPhase section */
		7CC9A1257313BA7CE537B06D /* [CP] Check Pods Manifest.lock */ = {
			isa = PBXShellScriptBuildPhase;
			buildActionMask = 2147483647;
			files = (
			);
			inputPaths = (
			);
			name = "[CP] Check Pods Manifest.lock";
			outputPaths = (
			);
			runOnlyForDeploymentPostprocessing = 0;
			shellPath = /bin/sh;
			shellScript = "diff \"${PODS_PODFILE_DIR_PATH}/Podfile.lock\" \"${PODS_ROOT}/Manifest.lock\" > /dev/null\nif [ $? != 0 ] ; then\n    # print error to STDERR\n    echo \"error: The sandbox is not in sync with the Podfile.lock. Run 'pod install' or update your CocoaPods installation.\" >&2\n    exit 1\nfi\n";
			showEnvVarsInLog = 0;
		};
		A988016CBC5A730CA4C0A0D3 /* [CP] Embed Pods Frameworks */ = {
			isa = PBXShellScriptBuildPhase;
			buildActionMask = 2147483647;
			files = (
			);
			inputPaths = (
			);
			name = "[CP] Embed Pods Frameworks";
			outputPaths = (
			);
			runOnlyForDeploymentPostprocessing = 0;
			shellPath = /bin/sh;
			shellScript = "\"${SRCROOT}/Pods/Target Support Files/Pods-cabinet/Pods-cabinet-frameworks.sh\"\n";
			showEnvVarsInLog = 0;
		};
		F9207D15C54735157ECAB45B /* [CP] Copy Pods Resources */ = {
			isa = PBXShellScriptBuildPhase;
			buildActionMask = 2147483647;
			files = (
			);
			inputPaths = (
			);
			name = "[CP] Copy Pods Resources";
			outputPaths = (
			);
			runOnlyForDeploymentPostprocessing = 0;
			shellPath = /bin/sh;
			shellScript = "\"${SRCROOT}/Pods/Target Support Files/Pods-cabinet/Pods-cabinet-resources.sh\"\n";
			showEnvVarsInLog = 0;
		};
/* End PBXShellScriptBuildPhase section */

/* Begin PBXSourcesBuildPhase section */
		6FFD2DB61F0C670A00075F1A /* Sources */ = {
			isa = PBXSourcesBuildPhase;
			buildActionMask = 2147483647;
			files = (
				6FAEB2461F1406C70088F86D /* CFolder.swift in Sources */,
				6F237BD01F32512400BEE537 /* comments.swift in Sources */,
				6F237BCC1F2FE31000BEE537 /* MasonryTest.swift in Sources */,
				6FAEB2491F14081A0088F86D /* CPath.swift in Sources */,
				6FFD2DC01F0C670A00075F1A /* ViewController.swift in Sources */,
				6FAEB22D1F0D8ED40088F86D /* CViewer.swift in Sources */,
				6FFD2DBE1F0C670A00075F1A /* AppDelegate.swift in Sources */,
				6FAEB2331F0D932C0088F86D /* Settings.swift in Sources */,
				6FB2F6051F0C77B500230641 /* Palette.swift in Sources */,
				6F8F72281F23F46700101F79 /* CTab.swift in Sources */,
				6FAEB24D1F143E1D0088F86D /* CFile.swift in Sources */,
				6FAEB24B1F140A160088F86D /* CFiles.swift in Sources */,
				6F9C06CF1F1747B400CE5807 /* Layout.swift in Sources */,
				6F237BC81F2EC0E300BEE537 /* CCollage.swift in Sources */,
				6F237BCE1F2FEFD600BEE537 /* Masonry.swift in Sources */,
				6FAEB2311F0D92BD0088F86D /* HierarchyBar.swift in Sources */,
				6FAEB2351F0DAF350088F86D /* Directory.swift in Sources */,
				6F237BD21F325C2A00BEE537 /* Assistance.swift in Sources */,
			);
			runOnlyForDeploymentPostprocessing = 0;
		};
/* End PBXSourcesBuildPhase section */

/* Begin PBXVariantGroup section */
		6FFD2DC31F0C670A00075F1A /* Main.storyboard */ = {
			isa = PBXVariantGroup;
			children = (
				6FFD2DC41F0C670A00075F1A /* Base */,
			);
			name = Main.storyboard;
			sourceTree = "<group>";
		};
/* End PBXVariantGroup section */

/* Begin XCBuildConfiguration section */
		6FFD2DC71F0C670A00075F1A /* Debug */ = {
			isa = XCBuildConfiguration;
			buildSettings = {
				ALWAYS_SEARCH_USER_PATHS = NO;
				CLANG_ANALYZER_NONNULL = YES;
				CLANG_ANALYZER_NUMBER_OBJECT_CONVERSION = YES_AGGRESSIVE;
				CLANG_CXX_LANGUAGE_STANDARD = "gnu++0x";
				CLANG_CXX_LIBRARY = "libc++";
				CLANG_ENABLE_MODULES = YES;
				CLANG_ENABLE_OBJC_ARC = YES;
				CLANG_WARN_BOOL_CONVERSION = YES;
				CLANG_WARN_CONSTANT_CONVERSION = YES;
				CLANG_WARN_DIRECT_OBJC_ISA_USAGE = YES_ERROR;
				CLANG_WARN_DOCUMENTATION_COMMENTS = YES;
				CLANG_WARN_EMPTY_BODY = YES;
				CLANG_WARN_ENUM_CONVERSION = YES;
				CLANG_WARN_INFINITE_RECURSION = YES;
				CLANG_WARN_INT_CONVERSION = YES;
				CLANG_WARN_OBJC_ROOT_CLASS = YES_ERROR;
				CLANG_WARN_SUSPICIOUS_MOVE = YES;
				CLANG_WARN_UNREACHABLE_CODE = YES;
				CLANG_WARN__DUPLICATE_METHOD_MATCH = YES;
				CODE_SIGN_IDENTITY = "-";
				COPY_PHASE_STRIP = NO;
				DEBUG_INFORMATION_FORMAT = dwarf;
				ENABLE_STRICT_OBJC_MSGSEND = YES;
				ENABLE_TESTABILITY = YES;
				GCC_C_LANGUAGE_STANDARD = gnu99;
				GCC_DYNAMIC_NO_PIC = NO;
				GCC_NO_COMMON_BLOCKS = YES;
				GCC_OPTIMIZATION_LEVEL = 0;
				GCC_PREPROCESSOR_DEFINITIONS = (
					"DEBUG=1",
					"$(inherited)",
				);
				GCC_WARN_64_TO_32_BIT_CONVERSION = YES;
				GCC_WARN_ABOUT_RETURN_TYPE = YES_ERROR;
				GCC_WARN_UNDECLARED_SELECTOR = YES;
				GCC_WARN_UNINITIALIZED_AUTOS = YES_AGGRESSIVE;
				GCC_WARN_UNUSED_FUNCTION = YES;
				GCC_WARN_UNUSED_VARIABLE = YES;
				MACOSX_DEPLOYMENT_TARGET = 10.12;
				MTL_ENABLE_DEBUG_INFO = YES;
				ONLY_ACTIVE_ARCH = YES;
				SDKROOT = macosx;
				SWIFT_ACTIVE_COMPILATION_CONDITIONS = DEBUG;
				SWIFT_OPTIMIZATION_LEVEL = "-Onone";
			};
			name = Debug;
		};
		6FFD2DC81F0C670A00075F1A /* Release */ = {
			isa = XCBuildConfiguration;
			buildSettings = {
				ALWAYS_SEARCH_USER_PATHS = NO;
				CLANG_ANALYZER_NONNULL = YES;
				CLANG_ANALYZER_NUMBER_OBJECT_CONVERSION = YES_AGGRESSIVE;
				CLANG_CXX_LANGUAGE_STANDARD = "gnu++0x";
				CLANG_CXX_LIBRARY = "libc++";
				CLANG_ENABLE_MODULES = YES;
				CLANG_ENABLE_OBJC_ARC = YES;
				CLANG_WARN_BOOL_CONVERSION = YES;
				CLANG_WARN_CONSTANT_CONVERSION = YES;
				CLANG_WARN_DIRECT_OBJC_ISA_USAGE = YES_ERROR;
				CLANG_WARN_DOCUMENTATION_COMMENTS = YES;
				CLANG_WARN_EMPTY_BODY = YES;
				CLANG_WARN_ENUM_CONVERSION = YES;
				CLANG_WARN_INFINITE_RECURSION = YES;
				CLANG_WARN_INT_CONVERSION = YES;
				CLANG_WARN_OBJC_ROOT_CLASS = YES_ERROR;
				CLANG_WARN_SUSPICIOUS_MOVE = YES;
				CLANG_WARN_UNREACHABLE_CODE = YES;
				CLANG_WARN__DUPLICATE_METHOD_MATCH = YES;
				CODE_SIGN_IDENTITY = "-";
				COPY_PHASE_STRIP = NO;
				DEBUG_INFORMATION_FORMAT = "dwarf-with-dsym";
				ENABLE_NS_ASSERTIONS = NO;
				ENABLE_STRICT_OBJC_MSGSEND = YES;
				GCC_C_LANGUAGE_STANDARD = gnu99;
				GCC_NO_COMMON_BLOCKS = YES;
				GCC_WARN_64_TO_32_BIT_CONVERSION = YES;
				GCC_WARN_ABOUT_RETURN_TYPE = YES_ERROR;
				GCC_WARN_UNDECLARED_SELECTOR = YES;
				GCC_WARN_UNINITIALIZED_AUTOS = YES_AGGRESSIVE;
				GCC_WARN_UNUSED_FUNCTION = YES;
				GCC_WARN_UNUSED_VARIABLE = YES;
				MACOSX_DEPLOYMENT_TARGET = 10.12;
				MTL_ENABLE_DEBUG_INFO = NO;
				SDKROOT = macosx;
				SWIFT_OPTIMIZATION_LEVEL = "-Owholemodule";
			};
			name = Release;
		};
		6FFD2DCA1F0C670A00075F1A /* Debug */ = {
			isa = XCBuildConfiguration;
			baseConfigurationReference = D5C9D83D64823D13C4C5BC89 /* Pods-cabinet.debug.xcconfig */;
			buildSettings = {
				ASSETCATALOG_COMPILER_APPICON_NAME = AppIcon;
				COMBINE_HIDPI_IMAGES = YES;
				INFOPLIST_FILE = cabinet/Info.plist;
				LD_RUNPATH_SEARCH_PATHS = "$(inherited) @executable_path/../Frameworks";
				MACOSX_DEPLOYMENT_TARGET = 10.12.2;
				PRODUCT_BUNDLE_IDENTIFIER = meep.cabinet;
				PRODUCT_NAME = "$(TARGET_NAME)";
				SWIFT_VERSION = 3.0;
			};
			name = Debug;
		};
		6FFD2DCB1F0C670A00075F1A /* Release */ = {
			isa = XCBuildConfiguration;
			baseConfigurationReference = 6FE09B6442000DAC2050DDD7 /* Pods-cabinet.release.xcconfig */;
			buildSettings = {
				ASSETCATALOG_COMPILER_APPICON_NAME = AppIcon;
				COMBINE_HIDPI_IMAGES = YES;
				INFOPLIST_FILE = cabinet/Info.plist;
				LD_RUNPATH_SEARCH_PATHS = "$(inherited) @executable_path/../Frameworks";
				MACOSX_DEPLOYMENT_TARGET = 10.12.2;
				PRODUCT_BUNDLE_IDENTIFIER = meep.cabinet;
				PRODUCT_NAME = "$(TARGET_NAME)";
				SWIFT_VERSION = 3.0;
			};
			name = Release;
		};
/* End XCBuildConfiguration section */

/* Begin XCConfigurationList section */
		6FFD2DB51F0C670A00075F1A /* Build configuration list for PBXProject "cabinet" */ = {
			isa = XCConfigurationList;
			buildConfigurations = (
				6FFD2DC71F0C670A00075F1A /* Debug */,
				6FFD2DC81F0C670A00075F1A /* Release */,
			);
			defaultConfigurationIsVisible = 0;
			defaultConfigurationName = Release;
		};
		6FFD2DC91F0C670A00075F1A /* Build configuration list for PBXNativeTarget "cabinet" */ = {
			isa = XCConfigurationList;
			buildConfigurations = (
				6FFD2DCA1F0C670A00075F1A /* Debug */,
				6FFD2DCB1F0C670A00075F1A /* Release */,
			);
			defaultConfigurationIsVisible = 0;
			defaultConfigurationName = Release;
		};
/* End XCConfigurationList section */
	};
	rootObject = 6FFD2DB21F0C670A00075F1A /* Project object */;
}
